// !$*UTF8*$!
{
	archiveVersion = 1;
	classes = {
	};
	objectVersion = 77;
	objects = {

/* Begin PBXBuildFile section */
		03B3D3F85EB92956B1F57D5A /* BinableApp.swift in Sources */ = {isa = PBXBuildFile; fileRef = B6AECA31E2DAB494036CAC2F /* BinableApp.swift */; };
		06379BD5D221B724BFEB1684 /* PickupStore.swift in Sources */ = {isa = PBXBuildFile; fileRef = F4AE0D2E51BAEC0261ADCAE8 /* PickupStore.swift */; };
		27C8D86165611FA2EE583CD3 /* APIService.swift in Sources */ = {isa = PBXBuildFile; fileRef = 892E129BBFBD7921D2BC5D22 /* APIService.swift */; };
		3E2A4E5F9B4100A19F089982 /* LaunchAtLoginService.swift in Sources */ = {isa = PBXBuildFile; fileRef = 2FCA6E4CA5B7F7692E7B9D1C /* LaunchAtLoginService.swift */; };
		59309C837D20C2D03E4A82D1 /* StoredLocation.swift in Sources */ = {isa = PBXBuildFile; fileRef = AD9E29FA95288E0921C59F8D /* StoredLocation.swift */; };
		5BD7790F0E2A1E047B32DBA2 /* PickupResult.swift in Sources */ = {isa = PBXBuildFile; fileRef = 84083E9D90794C184FD7CE24 /* PickupResult.swift */; };
		5DA9FE4E15B6B57AA13BD7BD /* SettingsView.swift in Sources */ = {isa = PBXBuildFile; fileRef = 31EE2AE9013F161A7096BA9B /* SettingsView.swift */; };
		688DE5EF3D7D96FE24D7E6D1 /* AddLocationView.swift in Sources */ = {isa = PBXBuildFile; fileRef = 3CC15240CBA2193BCEE792B4 /* AddLocationView.swift */; };
		A0E01EF9EB175A6280267DBE /* Assets.xcassets in Resources */ = {isa = PBXBuildFile; fileRef = 02C00E5AD32313E079C5E367 /* Assets.xcassets */; };
		D6FDFA423A156F51B37760EB /* MenuBarController.swift in Sources */ = {isa = PBXBuildFile; fileRef = BD86AA1418AB484019A795A0 /* MenuBarController.swift */; };
		EE5B66BF339649D40EDEFB0C /* FetchFrequency.swift in Sources */ = {isa = PBXBuildFile; fileRef = E164308A85126BF7E7A9085D /* FetchFrequency.swift */; };
		FBDF10596BD9B1A3F8773C52 /* AppSettings.swift in Sources */ = {isa = PBXBuildFile; fileRef = 3CFF16C6167E654095314D59 /* AppSettings.swift */; };
/* End PBXBuildFile section */

/* Begin PBXFileReference section */
		02C00E5AD32313E079C5E367 /* Assets.xcassets */ = {isa = PBXFileReference; lastKnownFileType = folder.assetcatalog; path = Assets.xcassets; sourceTree = "<group>"; };
		2FCA6E4CA5B7F7692E7B9D1C /* LaunchAtLoginService.swift */ = {isa = PBXFileReference; lastKnownFileType = sourcecode.swift; path = LaunchAtLoginService.swift; sourceTree = "<group>"; };
		3119C73AEB7442F6B2EA47AF /* Info.plist */ = {isa = PBXFileReference; lastKnownFileType = text.plist; path = Info.plist; sourceTree = "<group>"; };
		31EE2AE9013F161A7096BA9B /* SettingsView.swift */ = {isa = PBXFileReference; lastKnownFileType = sourcecode.swift; path = SettingsView.swift; sourceTree = "<group>"; };
		3CC15240CBA2193BCEE792B4 /* AddLocationView.swift */ = {isa = PBXFileReference; lastKnownFileType = sourcecode.swift; path = AddLocationView.swift; sourceTree = "<group>"; };
		3CFF16C6167E654095314D59 /* AppSettings.swift */ = {isa = PBXFileReference; lastKnownFileType = sourcecode.swift; path = AppSettings.swift; sourceTree = "<group>"; };
		84083E9D90794C184FD7CE24 /* PickupResult.swift */ = {isa = PBXFileReference; lastKnownFileType = sourcecode.swift; path = PickupResult.swift; sourceTree = "<group>"; };
		86BB1DD1E01067208317A3BB /* Binable.app */ = {isa = PBXFileReference; explicitFileType = wrapper.application; includeInIndex = 0; path = Binable.app; sourceTree = BUILT_PRODUCTS_DIR; };
		892E129BBFBD7921D2BC5D22 /* APIService.swift */ = {isa = PBXFileReference; lastKnownFileType = sourcecode.swift; path = APIService.swift; sourceTree = "<group>"; };
		AC31B4105F7D029A78C76764 /* Binable.entitlements */ = {isa = PBXFileReference; lastKnownFileType = text.plist.entitlements; path = Binable.entitlements; sourceTree = "<group>"; };
		AD9E29FA95288E0921C59F8D /* StoredLocation.swift */ = {isa = PBXFileReference; lastKnownFileType = sourcecode.swift; path = StoredLocation.swift; sourceTree = "<group>"; };
		B6AECA31E2DAB494036CAC2F /* BinableApp.swift */ = {isa = PBXFileReference; lastKnownFileType = sourcecode.swift; path = BinableApp.swift; sourceTree = "<group>"; };
		BD86AA1418AB484019A795A0 /* MenuBarController.swift */ = {isa = PBXFileReference; lastKnownFileType = sourcecode.swift; path = MenuBarController.swift; sourceTree = "<group>"; };
		E164308A85126BF7E7A9085D /* FetchFrequency.swift */ = {isa = PBXFileReference; lastKnownFileType = sourcecode.swift; path = FetchFrequency.swift; sourceTree = "<group>"; };
		F4AE0D2E51BAEC0261ADCAE8 /* PickupStore.swift */ = {isa = PBXFileReference; lastKnownFileType = sourcecode.swift; path = PickupStore.swift; sourceTree = "<group>"; };
/* End PBXFileReference section */

/* Begin PBXGroup section */
		082B78F28B20225EC65ADE7C /* Sources */ = {
			isa = PBXGroup;
			children = (
				526101E5844CA39502BCB4B1 /* App */,
				E1801F078BAA2961C4758102 /* Models */,
				24DF91ED95A4791095B5FB09 /* Resources */,
				D7E762A11BE54EBA04495E45 /* Services */,
				578F586D4C5B8F53FC9F3A2A /* Views */,
			);
			path = Sources;
			sourceTree = "<group>";
		};
		0B985B4F40DC53310FA98D3E /* Products */ = {
			isa = PBXGroup;
			children = (
				86BB1DD1E01067208317A3BB /* Binable.app */,
			);
			name = Products;
			sourceTree = "<group>";
		};
		24DF91ED95A4791095B5FB09 /* Resources */ = {
			isa = PBXGroup;
			children = (
				02C00E5AD32313E079C5E367 /* Assets.xcassets */,
				AC31B4105F7D029A78C76764 /* Binable.entitlements */,
				3119C73AEB7442F6B2EA47AF /* Info.plist */,
			);
			path = Resources;
			sourceTree = "<group>";
		};
		526101E5844CA39502BCB4B1 /* App */ = {
			isa = PBXGroup;
			children = (
				B6AECA31E2DAB494036CAC2F /* BinableApp.swift */,
				BD86AA1418AB484019A795A0 /* MenuBarController.swift */,
			);
			path = App;
			sourceTree = "<group>";
		};
		578F586D4C5B8F53FC9F3A2A /* Views */ = {
			isa = PBXGroup;
			children = (
				3CC15240CBA2193BCEE792B4 /* AddLocationView.swift */,
				31EE2AE9013F161A7096BA9B /* SettingsView.swift */,
			);
			path = Views;
			sourceTree = "<group>";
		};
		7FCAB10E22FE079EA66625AA = {
			isa = PBXGroup;
			children = (
				082B78F28B20225EC65ADE7C /* Sources */,
				0B985B4F40DC53310FA98D3E /* Products */,
			);
			sourceTree = "<group>";
		};
		D7E762A11BE54EBA04495E45 /* Services */ = {
			isa = PBXGroup;
			children = (
				892E129BBFBD7921D2BC5D22 /* APIService.swift */,
				2FCA6E4CA5B7F7692E7B9D1C /* LaunchAtLoginService.swift */,
				F4AE0D2E51BAEC0261ADCAE8 /* PickupStore.swift */,
			);
			path = Services;
			sourceTree = "<group>";
		};
		E1801F078BAA2961C4758102 /* Models */ = {
			isa = PBXGroup;
			children = (
				3CFF16C6167E654095314D59 /* AppSettings.swift */,
				E164308A85126BF7E7A9085D /* FetchFrequency.swift */,
				84083E9D90794C184FD7CE24 /* PickupResult.swift */,
				AD9E29FA95288E0921C59F8D /* StoredLocation.swift */,
			);
			path = Models;
			sourceTree = "<group>";
		};
/* End PBXGroup section */

/* Begin PBXNativeTarget section */
		A7E3D8E5A29774186F86C0F8 /* Binable */ = {
			isa = PBXNativeTarget;
			buildConfigurationList = 5DE51938EF735B94582C9236 /* Build configuration list for PBXNativeTarget "Binable" */;
			buildPhases = (
				7071FF162854D425C8413787 /* Sources */,
				C35E7110FC9E6414FAC8951C /* Resources */,
			);
			buildRules = (
			);
			dependencies = (
			);
			name = Binable;
			packageProductDependencies = (
			);
			productName = Binable;
			productReference = 86BB1DD1E01067208317A3BB /* Binable.app */;
			productType = "com.apple.product-type.application";
		};
/* End PBXNativeTarget section */

/* Begin PBXProject section */
		97EF6B48C423B5778440F704 /* Project object */ = {
			isa = PBXProject;
			attributes = {
				BuildIndependentTargetsInParallel = YES;
				LastUpgradeCheck = 1600;
				TargetAttributes = {
					A7E3D8E5A29774186F86C0F8 = {
						ProvisioningStyle = Manual;
					};
				};
			};
			buildConfigurationList = 3B7A2939AB1EB68B99B8FA70 /* Build configuration list for PBXProject "Binable" */;
			developmentRegion = en;
			hasScannedForEncodings = 0;
			knownRegions = (
				Base,
				en,
			);
			mainGroup = 7FCAB10E22FE079EA66625AA;
			minimizedProjectReferenceProxies = 1;
			preferredProjectObjectVersion = 77;
			productRefGroup = 0B985B4F40DC53310FA98D3E /* Products */;
			projectDirPath = "";
			projectRoot = "";
			targets = (
				A7E3D8E5A29774186F86C0F8 /* Binable */,
			);
		};
/* End PBXProject section */

/* Begin PBXResourcesBuildPhase section */
		C35E7110FC9E6414FAC8951C /* Resources */ = {
			isa = PBXResourcesBuildPhase;
			buildActionMask = 2147483647;
			files = (
				A0E01EF9EB175A6280267DBE /* Assets.xcassets in Resources */,
			);
			runOnlyForDeploymentPostprocessing = 0;
		};
/* End PBXResourcesBuildPhase section */

/* Begin PBXSourcesBuildPhase section */
		7071FF162854D425C8413787 /* Sources */ = {
			isa = PBXSourcesBuildPhase;
			buildActionMask = 2147483647;
			files = (
				27C8D86165611FA2EE583CD3 /* APIService.swift in Sources */,
				688DE5EF3D7D96FE24D7E6D1 /* AddLocationView.swift in Sources */,
				FBDF10596BD9B1A3F8773C52 /* AppSettings.swift in Sources */,
				03B3D3F85EB92956B1F57D5A /* BinableApp.swift in Sources */,
				EE5B66BF339649D40EDEFB0C /* FetchFrequency.swift in Sources */,
				3E2A4E5F9B4100A19F089982 /* LaunchAtLoginService.swift in Sources */,
				D6FDFA423A156F51B37760EB /* MenuBarController.swift in Sources */,
				5BD7790F0E2A1E047B32DBA2 /* PickupResult.swift in Sources */,
				06379BD5D221B724BFEB1684 /* PickupStore.swift in Sources */,
				5DA9FE4E15B6B57AA13BD7BD /* SettingsView.swift in Sources */,
				59309C837D20C2D03E4A82D1 /* StoredLocation.swift in Sources */,
			);
			runOnlyForDeploymentPostprocessing = 0;
		};
/* End PBXSourcesBuildPhase section */

/* Begin XCBuildConfiguration section */
		5EE61A7E13313C3BD167D008 /* Release */ = {
			isa = XCBuildConfiguration;
			buildSettings = {
				ALWAYS_SEARCH_USER_PATHS = NO;
				CLANG_ANALYZER_NONNULL = YES;
				CLANG_ANALYZER_NUMBER_OBJECT_CONVERSION = YES_AGGRESSIVE;
				CLANG_CXX_LANGUAGE_STANDARD = "gnu++14";
				CLANG_CXX_LIBRARY = "libc++";
				CLANG_ENABLE_MODULES = YES;
				CLANG_ENABLE_OBJC_ARC = YES;
				CLANG_ENABLE_OBJC_WEAK = YES;
				CLANG_WARN_BLOCK_CAPTURE_AUTORELEASING = YES;
				CLANG_WARN_BOOL_CONVERSION = YES;
				CLANG_WARN_COMMA = YES;
				CLANG_WARN_CONSTANT_CONVERSION = YES;
				CLANG_WARN_DEPRECATED_OBJC_IMPLEMENTATIONS = YES;
				CLANG_WARN_DIRECT_OBJC_ISA_USAGE = YES_ERROR;
				CLANG_WARN_DOCUMENTATION_COMMENTS = YES;
				CLANG_WARN_EMPTY_BODY = YES;
				CLANG_WARN_ENUM_CONVERSION = YES;
				CLANG_WARN_INFINITE_RECURSION = YES;
				CLANG_WARN_INT_CONVERSION = YES;
				CLANG_WARN_NON_LITERAL_NULL_CONVERSION = YES;
				CLANG_WARN_OBJC_IMPLICIT_RETAIN_SELF = YES;
				CLANG_WARN_OBJC_LITERAL_CONVERSION = YES;
				CLANG_WARN_OBJC_ROOT_CLASS = YES_ERROR;
				CLANG_WARN_QUOTED_INCLUDE_IN_FRAMEWORK_HEADER = YES;
				CLANG_WARN_RANGE_LOOP_ANALYSIS = YES;
				CLANG_WARN_STRICT_PROTOTYPES = YES;
				CLANG_WARN_SUSPICIOUS_MOVE = YES;
				CLANG_WARN_UNGUARDED_AVAILABILITY = YES_AGGRESSIVE;
				CLANG_WARN_UNREACHABLE_CODE = YES;
				CLANG_WARN__DUPLICATE_METHOD_MATCH = YES;
				COPY_PHASE_STRIP = NO;
				CURRENT_PROJECT_VERSION = 1;
				DEBUG_INFORMATION_FORMAT = "dwarf-with-dsym";
				ENABLE_DEBUG_DYLIB = NO;
				ENABLE_HARDENED_RUNTIME = YES;
				ENABLE_NS_ASSERTIONS = NO;
				ENABLE_STRICT_OBJC_MSGSEND = YES;
				GCC_C_LANGUAGE_STANDARD = gnu11;
				GCC_NO_COMMON_BLOCKS = YES;
				GCC_WARN_64_TO_32_BIT_CONVERSION = YES;
				GCC_WARN_ABOUT_RETURN_TYPE = YES_ERROR;
				GCC_WARN_UNDECLARED_SELECTOR = YES;
				GCC_WARN_UNINITIALIZED_AUTOS = YES_AGGRESSIVE;
				GCC_WARN_UNUSED_FUNCTION = YES;
				GCC_WARN_UNUSED_VARIABLE = YES;
				MACOSX_DEPLOYMENT_TARGET = 15.0;
				MARKETING_VERSION = 0.0.0;
				MTL_ENABLE_DEBUG_INFO = NO;
				MTL_FAST_MATH = YES;
				PRODUCT_NAME = "$(TARGET_NAME)";
				SDKROOT = macosx;
				SWIFT_COMPILATION_MODE = wholemodule;
				SWIFT_OPTIMIZATION_LEVEL = "-O";
				SWIFT_VERSION = 6.0;
			};
			name = Release;
		};
		8D75FC0D8E9646F29106F821 /* Debug */ = {
			isa = XCBuildConfiguration;
			buildSettings = {
				ALWAYS_SEARCH_USER_PATHS = NO;
				CLANG_ANALYZER_NONNULL = YES;
				CLANG_ANALYZER_NUMBER_OBJECT_CONVERSION = YES_AGGRESSIVE;
				CLANG_CXX_LANGUAGE_STANDARD = "gnu++14";
				CLANG_CXX_LIBRARY = "libc++";
				CLANG_ENABLE_MODULES = YES;
				CLANG_ENABLE_OBJC_ARC = YES;
				CLANG_ENABLE_OBJC_WEAK = YES;
				CLANG_WARN_BLOCK_CAPTURE_AUTORELEASING = YES;
				CLANG_WARN_BOOL_CONVERSION = YES;
				CLANG_WARN_COMMA = YES;
				CLANG_WARN_CONSTANT_CONVERSION = YES;
				CLANG_WARN_DEPRECATED_OBJC_IMPLEMENTATIONS = YES;
				CLANG_WARN_DIRECT_OBJC_ISA_USAGE = YES_ERROR;
				CLANG_WARN_DOCUMENTATION_COMMENTS = YES;
				CLANG_WARN_EMPTY_BODY = YES;
				CLANG_WARN_ENUM_CONVERSION = YES;
				CLANG_WARN_INFINITE_RECURSION = YES;
				CLANG_WARN_INT_CONVERSION = YES;
				CLANG_WARN_NON_LITERAL_NULL_CONVERSION = YES;
				CLANG_WARN_OBJC_IMPLICIT_RETAIN_SELF = YES;
				CLANG_WARN_OBJC_LITERAL_CONVERSION = YES;
				CLANG_WARN_OBJC_ROOT_CLASS = YES_ERROR;
				CLANG_WARN_QUOTED_INCLUDE_IN_FRAMEWORK_HEADER = YES;
				CLANG_WARN_RANGE_LOOP_ANALYSIS = YES;
				CLANG_WARN_STRICT_PROTOTYPES = YES;
				CLANG_WARN_SUSPICIOUS_MOVE = YES;
				CLANG_WARN_UNGUARDED_AVAILABILITY = YES_AGGRESSIVE;
				CLANG_WARN_UNREACHABLE_CODE = YES;
				CLANG_WARN__DUPLICATE_METHOD_MATCH = YES;
				COPY_PHASE_STRIP = NO;
				CURRENT_PROJECT_VERSION = 1;
				DEBUG_INFORMATION_FORMAT = dwarf;
				ENABLE_DEBUG_DYLIB = NO;
				ENABLE_STRICT_OBJC_MSGSEND = YES;
				ENABLE_TESTABILITY = YES;
				GCC_C_LANGUAGE_STANDARD = gnu11;
				GCC_DYNAMIC_NO_PIC = NO;
				GCC_NO_COMMON_BLOCKS = YES;
				GCC_OPTIMIZATION_LEVEL = 0;
				GCC_PREPROCESSOR_DEFINITIONS = (
					"$(inherited)",
					"DEBUG=1",
				);
				GCC_WARN_64_TO_32_BIT_CONVERSION = YES;
				GCC_WARN_ABOUT_RETURN_TYPE = YES_ERROR;
				GCC_WARN_UNDECLARED_SELECTOR = YES;
				GCC_WARN_UNINITIALIZED_AUTOS = YES_AGGRESSIVE;
				GCC_WARN_UNUSED_FUNCTION = YES;
				GCC_WARN_UNUSED_VARIABLE = YES;
				MACOSX_DEPLOYMENT_TARGET = 15.0;
				MARKETING_VERSION = 0.0.0;
				MTL_ENABLE_DEBUG_INFO = INCLUDE_SOURCE;
				MTL_FAST_MATH = YES;
				ONLY_ACTIVE_ARCH = YES;
				PRODUCT_NAME = "$(TARGET_NAME)";
				SDKROOT = macosx;
				SWIFT_ACTIVE_COMPILATION_CONDITIONS = DEBUG;
				SWIFT_OPTIMIZATION_LEVEL = "-Onone";
				SWIFT_VERSION = 6.0;
			};
			name = Debug;
		};
		B2E6784E692BFDBF7297C424 /* Debug */ = {
			isa = XCBuildConfiguration;
			buildSettings = {
				ASSETCATALOG_COMPILER_APPICON_NAME = AppIcon;
				CODE_SIGNING_ALLOWED = NO;
				CODE_SIGNING_REQUIRED = NO;
				CODE_SIGN_ENTITLEMENTS = Sources/Resources/Binable.entitlements;
				CODE_SIGN_IDENTITY = "-";
				CODE_SIGN_INJECT_BASE_ENTITLEMENTS = NO;
				CODE_SIGN_STYLE = Manual;
				COMBINE_HIDPI_IMAGES = YES;
				INFOPLIST_FILE = Sources/Resources/Info.plist;
				LD_RUNPATH_SEARCH_PATHS = (
					"$(inherited)",
					"@executable_path/../Frameworks",
				);
				MACOSX_DEPLOYMENT_TARGET = 15.0;
				PRODUCT_BUNDLE_IDENTIFIER = app.binable.MenuBar;
				PRODUCT_NAME = Binable;
				SDKROOT = macosx;
				SWIFT_EMIT_LOC_STRINGS = YES;
			};
			name = Debug;
		};
		C2CA359A6C059F6540ED06B1 /* Release */ = {
			isa = XCBuildConfiguration;
			buildSettings = {
				ASSETCATALOG_COMPILER_APPICON_NAME = AppIcon;
				CODE_SIGNING_ALLOWED = NO;
				CODE_SIGNING_REQUIRED = NO;
				CODE_SIGN_ENTITLEMENTS = Sources/Resources/Binable.entitlements;
				CODE_SIGN_IDENTITY = "-";
				CODE_SIGN_INJECT_BASE_ENTITLEMENTS = NO;
				CODE_SIGN_STYLE = Manual;
				COMBINE_HIDPI_IMAGES = YES;
				INFOPLIST_FILE = Sources/Resources/Info.plist;
				LD_RUNPATH_SEARCH_PATHS = (
					"$(inherited)",
					"@executable_path/../Frameworks",
				);
				MACOSX_DEPLOYMENT_TARGET = 15.0;
				PRODUCT_BUNDLE_IDENTIFIER = app.binable.MenuBar;
				PRODUCT_NAME = Binable;
				SDKROOT = macosx;
				SWIFT_EMIT_LOC_STRINGS = YES;
			};
			name = Release;
		};
/* End XCBuildConfiguration section */

/* Begin XCConfigurationList section */
		3B7A2939AB1EB68B99B8FA70 /* Build configuration list for PBXProject "Binable" */ = {
			isa = XCConfigurationList;
			buildConfigurations = (
				8D75FC0D8E9646F29106F821 /* Debug */,
				5EE61A7E13313C3BD167D008 /* Release */,
			);
			defaultConfigurationIsVisible = 0;
			defaultConfigurationName = Debug;
		};
		5DE51938EF735B94582C9236 /* Build configuration list for PBXNativeTarget "Binable" */ = {
			isa = XCConfigurationList;
			buildConfigurations = (
				B2E6784E692BFDBF7297C424 /* Debug */,
				C2CA359A6C059F6540ED06B1 /* Release */,
			);
			defaultConfigurationIsVisible = 0;
			defaultConfigurationName = Debug;
		};
/* End XCConfigurationList section */
	};
	rootObject = 97EF6B48C423B5778440F704 /* Project object */;
}
